
Microsoft Visual Studio Solution File, Format Version 12.00
# Visual Studio 15
VisualStudioVersion = 15.0.27428.2002
MinimumVisualStudioVersion = 10.0.40219.1
Project("{FAE04EC0-301F-11D3-BF4B-00C04F79EFBC}") = "MealPlanner.Android", "MealPlanner\MealPlanner.Android\MealPlanner.Android.csproj", "{E5F2E1B8-B639-4C07-9BED-142D020A0BEF}"
EndProject
Project("{FAE04EC0-301F-11D3-BF4B-00C04F79EFBC}") = "MealPlanner.iOS", "MealPlanner\MealPlanner.iOS\MealPlanner.iOS.csproj", "{53A1B366-5A1E-4642-B2C3-6A8088D37DF1}"
EndProject
Project("{FAE04EC0-301F-11D3-BF4B-00C04F79EFBC}") = "MealPlanner.UWP", "MealPlanner\MealPlanner.UWP\MealPlanner.UWP.csproj", "{B9175F46-016E-465E-BB0D-29562D7BF6E1}"
EndProject
Project("{FAE04EC0-301F-11D3-BF4B-00C04F79EFBC}") = "MealPlanner", "MealPlanner\MealPlanner\MealPlanner.csproj", "{A2163CA5-1DD0-4B58-A0F6-60A01245D9EA}"
EndProject
Project("{FAE04EC0-301F-11D3-BF4B-00C04F79EFBC}") = "MealPlannerClient", "MealPlannerClient\MealPlannerClient.csproj", "{9077B8B3-A32D-45C3-898A-9E379D0B97F3}"
EndProject
Project("{FAE04EC0-301F-11D3-BF4B-00C04F79EFBC}") = "MealPlanner.Entities", "MealPlanner.Entities\MealPlanner.Entities.csproj", "{395C526E-47A4-41F8-B578-BEDABDCAE134}"
EndProject
Project("{FAE04EC0-301F-11D3-BF4B-00C04F79EFBC}") = "MealPlanner.Repositories", "MealPlanner.Repositories\MealPlanner.Repositories.csproj", "{837B40AD-3DCF-4EF8-8F44-E7A209F393AD}"
EndProject
Project("{FAE04EC0-301F-11D3-BF4B-00C04F79EFBC}") = "MealPlanner.Repositories.Interfaces", "MealPlanner.Repositories.Interfaces\MealPlanner.Repositories.Interfaces.csproj", "{255B1766-81E8-4A61-83D4-6AC6689108C1}"
EndProject
Project("{FAE04EC0-301F-11D3-BF4B-00C04F79EFBC}") = "MealPlanner.Services.Interfaces", "MealPrepPlanner.Services.Interfaces\MealPlanner.Services.Interfaces.csproj", "{11BA3575-8A07-4FD3-B52E-540063A9B4B1}"
EndProject
Project("{FAE04EC0-301F-11D3-BF4B-00C04F79EFBC}") = "MealPlanner.Services", "MealPlanner.Services\MealPlanner.Services.csproj", "{FE694E50-A54D-4D86-B3A3-3A5A0335B7B4}"
EndProject
Project("{FAE04EC0-301F-11D3-BF4B-00C04F79EFBC}") = "MealPlanner.Api", "MealPlanner.Api\MealPlanner.Api.csproj", "{749314A2-B959-4C9D-B286-C24D77A64DBB}"
EndProject
Project("{FAE04EC0-301F-11D3-BF4B-00C04F79EFBC}") = "MealPlanner.Tests", "MealPlanner.Tests\MealPlanner.Tests.csproj", "{1BE53D40-4FE4-4180-9A5F-9EA4E5501735}"
EndProject
Global
	GlobalSection(SolutionConfigurationPlatforms) = preSolution
		Ad-Hoc|Any CPU = Ad-Hoc|Any CPU
		Ad-Hoc|ARM = Ad-Hoc|ARM
		Ad-Hoc|iPhone = Ad-Hoc|iPhone
		Ad-Hoc|iPhoneSimulator = Ad-Hoc|iPhoneSimulator
		Ad-Hoc|x64 = Ad-Hoc|x64
		Ad-Hoc|x86 = Ad-Hoc|x86
		AppStore|Any CPU = AppStore|Any CPU
		AppStore|ARM = AppStore|ARM
		AppStore|iPhone = AppStore|iPhone
		AppStore|iPhoneSimulator = AppStore|iPhoneSimulator
		AppStore|x64 = AppStore|x64
		AppStore|x86 = AppStore|x86
		Debug|Any CPU = Debug|Any CPU
		Debug|ARM = Debug|ARM
		Debug|iPhone = Debug|iPhone
		Debug|iPhoneSimulator = Debug|iPhoneSimulator
		Debug|x64 = Debug|x64
		Debug|x86 = Debug|x86
		Release|Any CPU = Release|Any CPU
		Release|ARM = Release|ARM
		Release|iPhone = Release|iPhone
		Release|iPhoneSimulator = Release|iPhoneSimulator
		Release|x64 = Release|x64
		Release|x86 = Release|x86
	EndGlobalSection
	GlobalSection(ProjectConfigurationPlatforms) = postSolution
		{E5F2E1B8-B639-4C07-9BED-142D020A0BEF}.Ad-Hoc|Any CPU.ActiveCfg = Release|Any CPU
		{E5F2E1B8-B639-4C07-9BED-142D020A0BEF}.Ad-Hoc|Any CPU.Build.0 = Release|Any CPU
		{E5F2E1B8-B639-4C07-9BED-142D020A0BEF}.Ad-Hoc|Any CPU.Deploy.0 = Release|Any CPU
		{E5F2E1B8-B639-4C07-9BED-142D020A0BEF}.Ad-Hoc|ARM.ActiveCfg = Release|Any CPU
		{E5F2E1B8-B639-4C07-9BED-142D020A0BEF}.Ad-Hoc|ARM.Build.0 = Release|Any CPU
		{E5F2E1B8-B639-4C07-9BED-142D020A0BEF}.Ad-Hoc|ARM.Deploy.0 = Release|Any CPU
		{E5F2E1B8-B639-4C07-9BED-142D020A0BEF}.Ad-Hoc|iPhone.ActiveCfg = Release|Any CPU
		{E5F2E1B8-B639-4C07-9BED-142D020A0BEF}.Ad-Hoc|iPhone.Build.0 = Release|Any CPU
		{E5F2E1B8-B639-4C07-9BED-142D020A0BEF}.Ad-Hoc|iPhone.Deploy.0 = Release|Any CPU
		{E5F2E1B8-B639-4C07-9BED-142D020A0BEF}.Ad-Hoc|iPhoneSimulator.ActiveCfg = Release|Any CPU
		{E5F2E1B8-B639-4C07-9BED-142D020A0BEF}.Ad-Hoc|iPhoneSimulator.Build.0 = Release|Any CPU
		{E5F2E1B8-B639-4C07-9BED-142D020A0BEF}.Ad-Hoc|iPhoneSimulator.Deploy.0 = Release|Any CPU
		{E5F2E1B8-B639-4C07-9BED-142D020A0BEF}.Ad-Hoc|x64.ActiveCfg = Release|Any CPU
		{E5F2E1B8-B639-4C07-9BED-142D020A0BEF}.Ad-Hoc|x64.Build.0 = Release|Any CPU
		{E5F2E1B8-B639-4C07-9BED-142D020A0BEF}.Ad-Hoc|x64.Deploy.0 = Release|Any CPU
		{E5F2E1B8-B639-4C07-9BED-142D020A0BEF}.Ad-Hoc|x86.ActiveCfg = Release|Any CPU
		{E5F2E1B8-B639-4C07-9BED-142D020A0BEF}.Ad-Hoc|x86.Build.0 = Release|Any CPU
		{E5F2E1B8-B639-4C07-9BED-142D020A0BEF}.Ad-Hoc|x86.Deploy.0 = Release|Any CPU
		{E5F2E1B8-B639-4C07-9BED-142D020A0BEF}.AppStore|Any CPU.ActiveCfg = Release|Any CPU
		{E5F2E1B8-B639-4C07-9BED-142D020A0BEF}.AppStore|Any CPU.Build.0 = Release|Any CPU
		{E5F2E1B8-B639-4C07-9BED-142D020A0BEF}.AppStore|Any CPU.Deploy.0 = Release|Any CPU
		{E5F2E1B8-B639-4C07-9BED-142D020A0BEF}.AppStore|ARM.ActiveCfg = Release|Any CPU
		{E5F2E1B8-B639-4C07-9BED-142D020A0BEF}.AppStore|ARM.Build.0 = Release|Any CPU
		{E5F2E1B8-B639-4C07-9BED-142D020A0BEF}.AppStore|ARM.Deploy.0 = Release|Any CPU
		{E5F2E1B8-B639-4C07-9BED-142D020A0BEF}.AppStore|iPhone.ActiveCfg = Release|Any CPU
		{E5F2E1B8-B639-4C07-9BED-142D020A0BEF}.AppStore|iPhone.Build.0 = Release|Any CPU
		{E5F2E1B8-B639-4C07-9BED-142D020A0BEF}.AppStore|iPhone.Deploy.0 = Release|Any CPU
		{E5F2E1B8-B639-4C07-9BED-142D020A0BEF}.AppStore|iPhoneSimulator.ActiveCfg = Release|Any CPU
		{E5F2E1B8-B639-4C07-9BED-142D020A0BEF}.AppStore|iPhoneSimulator.Build.0 = Release|Any CPU
		{E5F2E1B8-B639-4C07-9BED-142D020A0BEF}.AppStore|iPhoneSimulator.Deploy.0 = Release|Any CPU
		{E5F2E1B8-B639-4C07-9BED-142D020A0BEF}.AppStore|x64.ActiveCfg = Release|Any CPU
		{E5F2E1B8-B639-4C07-9BED-142D020A0BEF}.AppStore|x64.Build.0 = Release|Any CPU
		{E5F2E1B8-B639-4C07-9BED-142D020A0BEF}.AppStore|x64.Deploy.0 = Release|Any CPU
		{E5F2E1B8-B639-4C07-9BED-142D020A0BEF}.AppStore|x86.ActiveCfg = Release|Any CPU
		{E5F2E1B8-B639-4C07-9BED-142D020A0BEF}.AppStore|x86.Build.0 = Release|Any CPU
		{E5F2E1B8-B639-4C07-9BED-142D020A0BEF}.AppStore|x86.Deploy.0 = Release|Any CPU
		{E5F2E1B8-B639-4C07-9BED-142D020A0BEF}.Debug|Any CPU.ActiveCfg = Debug|Any CPU
		{E5F2E1B8-B639-4C07-9BED-142D020A0BEF}.Debug|Any CPU.Build.0 = Debug|Any CPU
		{E5F2E1B8-B639-4C07-9BED-142D020A0BEF}.Debug|Any CPU.Deploy.0 = Debug|Any CPU
		{E5F2E1B8-B639-4C07-9BED-142D020A0BEF}.Debug|ARM.ActiveCfg = Debug|Any CPU
		{E5F2E1B8-B639-4C07-9BED-142D020A0BEF}.Debug|ARM.Build.0 = Debug|Any CPU
		{E5F2E1B8-B639-4C07-9BED-142D020A0BEF}.Debug|ARM.Deploy.0 = Debug|Any CPU
		{E5F2E1B8-B639-4C07-9BED-142D020A0BEF}.Debug|iPhone.ActiveCfg = Debug|Any CPU
		{E5F2E1B8-B639-4C07-9BED-142D020A0BEF}.Debug|iPhone.Build.0 = Debug|Any CPU
		{E5F2E1B8-B639-4C07-9BED-142D020A0BEF}.Debug|iPhone.Deploy.0 = Debug|Any CPU
		{E5F2E1B8-B639-4C07-9BED-142D020A0BEF}.Debug|iPhoneSimulator.ActiveCfg = Debug|Any CPU
		{E5F2E1B8-B639-4C07-9BED-142D020A0BEF}.Debug|iPhoneSimulator.Build.0 = Debug|Any CPU
		{E5F2E1B8-B639-4C07-9BED-142D020A0BEF}.Debug|iPhoneSimulator.Deploy.0 = Debug|Any CPU
		{E5F2E1B8-B639-4C07-9BED-142D020A0BEF}.Debug|x64.ActiveCfg = Debug|Any CPU
		{E5F2E1B8-B639-4C07-9BED-142D020A0BEF}.Debug|x64.Build.0 = Debug|Any CPU
		{E5F2E1B8-B639-4C07-9BED-142D020A0BEF}.Debug|x64.Deploy.0 = Debug|Any CPU
		{E5F2E1B8-B639-4C07-9BED-142D020A0BEF}.Debug|x86.ActiveCfg = Debug|Any CPU
		{E5F2E1B8-B639-4C07-9BED-142D020A0BEF}.Debug|x86.Build.0 = Debug|Any CPU
		{E5F2E1B8-B639-4C07-9BED-142D020A0BEF}.Debug|x86.Deploy.0 = Debug|Any CPU
		{E5F2E1B8-B639-4C07-9BED-142D020A0BEF}.Release|Any CPU.ActiveCfg = Release|Any CPU
		{E5F2E1B8-B639-4C07-9BED-142D020A0BEF}.Release|Any CPU.Build.0 = Release|Any CPU
		{E5F2E1B8-B639-4C07-9BED-142D020A0BEF}.Release|Any CPU.Deploy.0 = Release|Any CPU
		{E5F2E1B8-B639-4C07-9BED-142D020A0BEF}.Release|ARM.ActiveCfg = Release|Any CPU
		{E5F2E1B8-B639-4C07-9BED-142D020A0BEF}.Release|ARM.Build.0 = Release|Any CPU
		{E5F2E1B8-B639-4C07-9BED-142D020A0BEF}.Release|ARM.Deploy.0 = Release|Any CPU
		{E5F2E1B8-B639-4C07-9BED-142D020A0BEF}.Release|iPhone.ActiveCfg = Release|Any CPU
		{E5F2E1B8-B639-4C07-9BED-142D020A0BEF}.Release|iPhone.Build.0 = Release|Any CPU
		{E5F2E1B8-B639-4C07-9BED-142D020A0BEF}.Release|iPhone.Deploy.0 = Release|Any CPU
		{E5F2E1B8-B639-4C07-9BED-142D020A0BEF}.Release|iPhoneSimulator.ActiveCfg = Release|Any CPU
		{E5F2E1B8-B639-4C07-9BED-142D020A0BEF}.Release|iPhoneSimulator.Build.0 = Release|Any CPU
		{E5F2E1B8-B639-4C07-9BED-142D020A0BEF}.Release|iPhoneSimulator.Deploy.0 = Release|Any CPU
		{E5F2E1B8-B639-4C07-9BED-142D020A0BEF}.Release|x64.ActiveCfg = Release|Any CPU
		{E5F2E1B8-B639-4C07-9BED-142D020A0BEF}.Release|x64.Build.0 = Release|Any CPU
		{E5F2E1B8-B639-4C07-9BED-142D020A0BEF}.Release|x64.Deploy.0 = Release|Any CPU
		{E5F2E1B8-B639-4C07-9BED-142D020A0BEF}.Release|x86.ActiveCfg = Release|Any CPU
		{E5F2E1B8-B639-4C07-9BED-142D020A0BEF}.Release|x86.Build.0 = Release|Any CPU
		{E5F2E1B8-B639-4C07-9BED-142D020A0BEF}.Release|x86.Deploy.0 = Release|Any CPU
		{53A1B366-5A1E-4642-B2C3-6A8088D37DF1}.Ad-Hoc|Any CPU.ActiveCfg = Ad-Hoc|iPhone
		{53A1B366-5A1E-4642-B2C3-6A8088D37DF1}.Ad-Hoc|ARM.ActiveCfg = Ad-Hoc|iPhone
		{53A1B366-5A1E-4642-B2C3-6A8088D37DF1}.Ad-Hoc|iPhone.ActiveCfg = Ad-Hoc|iPhone
		{53A1B366-5A1E-4642-B2C3-6A8088D37DF1}.Ad-Hoc|iPhone.Build.0 = Ad-Hoc|iPhone
		{53A1B366-5A1E-4642-B2C3-6A8088D37DF1}.Ad-Hoc|iPhoneSimulator.ActiveCfg = Ad-Hoc|iPhoneSimulator
		{53A1B366-5A1E-4642-B2C3-6A8088D37DF1}.Ad-Hoc|iPhoneSimulator.Build.0 = Ad-Hoc|iPhoneSimulator
		{53A1B366-5A1E-4642-B2C3-6A8088D37DF1}.Ad-Hoc|x64.ActiveCfg = Ad-Hoc|iPhone
		{53A1B366-5A1E-4642-B2C3-6A8088D37DF1}.Ad-Hoc|x86.ActiveCfg = Ad-Hoc|iPhone
		{53A1B366-5A1E-4642-B2C3-6A8088D37DF1}.AppStore|Any CPU.ActiveCfg = AppStore|iPhone
		{53A1B366-5A1E-4642-B2C3-6A8088D37DF1}.AppStore|ARM.ActiveCfg = AppStore|iPhone
		{53A1B366-5A1E-4642-B2C3-6A8088D37DF1}.AppStore|iPhone.ActiveCfg = AppStore|iPhone
		{53A1B366-5A1E-4642-B2C3-6A8088D37DF1}.AppStore|iPhone.Build.0 = AppStore|iPhone
		{53A1B366-5A1E-4642-B2C3-6A8088D37DF1}.AppStore|iPhoneSimulator.ActiveCfg = AppStore|iPhoneSimulator
		{53A1B366-5A1E-4642-B2C3-6A8088D37DF1}.AppStore|iPhoneSimulator.Build.0 = AppStore|iPhoneSimulator
		{53A1B366-5A1E-4642-B2C3-6A8088D37DF1}.AppStore|x64.ActiveCfg = AppStore|iPhone
		{53A1B366-5A1E-4642-B2C3-6A8088D37DF1}.AppStore|x86.ActiveCfg = AppStore|iPhone
		{53A1B366-5A1E-4642-B2C3-6A8088D37DF1}.Debug|Any CPU.ActiveCfg = Debug|iPhone
		{53A1B366-5A1E-4642-B2C3-6A8088D37DF1}.Debug|ARM.ActiveCfg = Debug|iPhone
		{53A1B366-5A1E-4642-B2C3-6A8088D37DF1}.Debug|iPhone.ActiveCfg = Debug|iPhone
		{53A1B366-5A1E-4642-B2C3-6A8088D37DF1}.Debug|iPhone.Build.0 = Debug|iPhone
		{53A1B366-5A1E-4642-B2C3-6A8088D37DF1}.Debug|iPhoneSimulator.ActiveCfg = Debug|iPhoneSimulator
		{53A1B366-5A1E-4642-B2C3-6A8088D37DF1}.Debug|iPhoneSimulator.Build.0 = Debug|iPhoneSimulator
		{53A1B366-5A1E-4642-B2C3-6A8088D37DF1}.Debug|x64.ActiveCfg = Debug|iPhone
		{53A1B366-5A1E-4642-B2C3-6A8088D37DF1}.Debug|x86.ActiveCfg = Debug|iPhone
		{53A1B366-5A1E-4642-B2C3-6A8088D37DF1}.Release|Any CPU.ActiveCfg = Release|iPhone
		{53A1B366-5A1E-4642-B2C3-6A8088D37DF1}.Release|ARM.ActiveCfg = Release|iPhone
		{53A1B366-5A1E-4642-B2C3-6A8088D37DF1}.Release|iPhone.ActiveCfg = Release|iPhone
		{53A1B366-5A1E-4642-B2C3-6A8088D37DF1}.Release|iPhone.Build.0 = Release|iPhone
		{53A1B366-5A1E-4642-B2C3-6A8088D37DF1}.Release|iPhoneSimulator.ActiveCfg = Release|iPhoneSimulator
		{53A1B366-5A1E-4642-B2C3-6A8088D37DF1}.Release|iPhoneSimulator.Build.0 = Release|iPhoneSimulator
		{53A1B366-5A1E-4642-B2C3-6A8088D37DF1}.Release|x64.ActiveCfg = Release|iPhone
		{53A1B366-5A1E-4642-B2C3-6A8088D37DF1}.Release|x86.ActiveCfg = Release|iPhone
		{B9175F46-016E-465E-BB0D-29562D7BF6E1}.Ad-Hoc|Any CPU.ActiveCfg = Release|x86
		{B9175F46-016E-465E-BB0D-29562D7BF6E1}.Ad-Hoc|Any CPU.Build.0 = Release|x86
		{B9175F46-016E-465E-BB0D-29562D7BF6E1}.Ad-Hoc|Any CPU.Deploy.0 = Release|x86
		{B9175F46-016E-465E-BB0D-29562D7BF6E1}.Ad-Hoc|ARM.ActiveCfg = Release|ARM
		{B9175F46-016E-465E-BB0D-29562D7BF6E1}.Ad-Hoc|ARM.Build.0 = Release|ARM
		{B9175F46-016E-465E-BB0D-29562D7BF6E1}.Ad-Hoc|ARM.Deploy.0 = Release|ARM
		{B9175F46-016E-465E-BB0D-29562D7BF6E1}.Ad-Hoc|iPhone.ActiveCfg = Release|x86
		{B9175F46-016E-465E-BB0D-29562D7BF6E1}.Ad-Hoc|iPhone.Build.0 = Release|x86
		{B9175F46-016E-465E-BB0D-29562D7BF6E1}.Ad-Hoc|iPhone.Deploy.0 = Release|x86
		{B9175F46-016E-465E-BB0D-29562D7BF6E1}.Ad-Hoc|iPhoneSimulator.ActiveCfg = Release|x86
		{B9175F46-016E-465E-BB0D-29562D7BF6E1}.Ad-Hoc|iPhoneSimulator.Build.0 = Release|x86
		{B9175F46-016E-465E-BB0D-29562D7BF6E1}.Ad-Hoc|iPhoneSimulator.Deploy.0 = Release|x86
		{B9175F46-016E-465E-BB0D-29562D7BF6E1}.Ad-Hoc|x64.ActiveCfg = Release|x64
		{B9175F46-016E-465E-BB0D-29562D7BF6E1}.Ad-Hoc|x64.Build.0 = Release|x64
		{B9175F46-016E-465E-BB0D-29562D7BF6E1}.Ad-Hoc|x64.Deploy.0 = Release|x64
		{B9175F46-016E-465E-BB0D-29562D7BF6E1}.Ad-Hoc|x86.ActiveCfg = Release|x86
		{B9175F46-016E-465E-BB0D-29562D7BF6E1}.Ad-Hoc|x86.Build.0 = Release|x86
		{B9175F46-016E-465E-BB0D-29562D7BF6E1}.Ad-Hoc|x86.Deploy.0 = Release|x86
		{B9175F46-016E-465E-BB0D-29562D7BF6E1}.AppStore|Any CPU.ActiveCfg = Release|x86
		{B9175F46-016E-465E-BB0D-29562D7BF6E1}.AppStore|Any CPU.Build.0 = Release|x86
		{B9175F46-016E-465E-BB0D-29562D7BF6E1}.AppStore|Any CPU.Deploy.0 = Release|x86
		{B9175F46-016E-465E-BB0D-29562D7BF6E1}.AppStore|ARM.ActiveCfg = Release|ARM
		{B9175F46-016E-465E-BB0D-29562D7BF6E1}.AppStore|ARM.Build.0 = Release|ARM
		{B9175F46-016E-465E-BB0D-29562D7BF6E1}.AppStore|ARM.Deploy.0 = Release|ARM
		{B9175F46-016E-465E-BB0D-29562D7BF6E1}.AppStore|iPhone.ActiveCfg = Release|x86
		{B9175F46-016E-465E-BB0D-29562D7BF6E1}.AppStore|iPhone.Build.0 = Release|x86
		{B9175F46-016E-465E-BB0D-29562D7BF6E1}.AppStore|iPhone.Deploy.0 = Release|x86
		{B9175F46-016E-465E-BB0D-29562D7BF6E1}.AppStore|iPhoneSimulator.ActiveCfg = Release|x86
		{B9175F46-016E-465E-BB0D-29562D7BF6E1}.AppStore|iPhoneSimulator.Build.0 = Release|x86
		{B9175F46-016E-465E-BB0D-29562D7BF6E1}.AppStore|iPhoneSimulator.Deploy.0 = Release|x86
		{B9175F46-016E-465E-BB0D-29562D7BF6E1}.AppStore|x64.ActiveCfg = Release|x64
		{B9175F46-016E-465E-BB0D-29562D7BF6E1}.AppStore|x64.Build.0 = Release|x64
		{B9175F46-016E-465E-BB0D-29562D7BF6E1}.AppStore|x64.Deploy.0 = Release|x64
		{B9175F46-016E-465E-BB0D-29562D7BF6E1}.AppStore|x86.ActiveCfg = Release|x86
		{B9175F46-016E-465E-BB0D-29562D7BF6E1}.AppStore|x86.Build.0 = Release|x86
		{B9175F46-016E-465E-BB0D-29562D7BF6E1}.AppStore|x86.Deploy.0 = Release|x86
		{B9175F46-016E-465E-BB0D-29562D7BF6E1}.Debug|Any CPU.ActiveCfg = Debug|x86
		{B9175F46-016E-465E-BB0D-29562D7BF6E1}.Debug|ARM.ActiveCfg = Debug|ARM
		{B9175F46-016E-465E-BB0D-29562D7BF6E1}.Debug|ARM.Build.0 = Debug|ARM
		{B9175F46-016E-465E-BB0D-29562D7BF6E1}.Debug|ARM.Deploy.0 = Debug|ARM
		{B9175F46-016E-465E-BB0D-29562D7BF6E1}.Debug|iPhone.ActiveCfg = Debug|x86
		{B9175F46-016E-465E-BB0D-29562D7BF6E1}.Debug|iPhoneSimulator.ActiveCfg = Debug|x86
		{B9175F46-016E-465E-BB0D-29562D7BF6E1}.Debug|x64.ActiveCfg = Debug|x64
		{B9175F46-016E-465E-BB0D-29562D7BF6E1}.Debug|x64.Build.0 = Debug|x64
		{B9175F46-016E-465E-BB0D-29562D7BF6E1}.Debug|x64.Deploy.0 = Debug|x64
		{B9175F46-016E-465E-BB0D-29562D7BF6E1}.Debug|x86.ActiveCfg = Debug|x86
		{B9175F46-016E-465E-BB0D-29562D7BF6E1}.Debug|x86.Build.0 = Debug|x86
		{B9175F46-016E-465E-BB0D-29562D7BF6E1}.Debug|x86.Deploy.0 = Debug|x86
		{B9175F46-016E-465E-BB0D-29562D7BF6E1}.Release|Any CPU.ActiveCfg = Release|x86
		{B9175F46-016E-465E-BB0D-29562D7BF6E1}.Release|ARM.ActiveCfg = Release|ARM
		{B9175F46-016E-465E-BB0D-29562D7BF6E1}.Release|ARM.Build.0 = Release|ARM
		{B9175F46-016E-465E-BB0D-29562D7BF6E1}.Release|ARM.Deploy.0 = Release|ARM
		{B9175F46-016E-465E-BB0D-29562D7BF6E1}.Release|iPhone.ActiveCfg = Release|x86
		{B9175F46-016E-465E-BB0D-29562D7BF6E1}.Release|iPhoneSimulator.ActiveCfg = Release|x86
		{B9175F46-016E-465E-BB0D-29562D7BF6E1}.Release|x64.ActiveCfg = Release|x64
		{B9175F46-016E-465E-BB0D-29562D7BF6E1}.Release|x64.Build.0 = Release|x64
		{B9175F46-016E-465E-BB0D-29562D7BF6E1}.Release|x64.Deploy.0 = Release|x64
		{B9175F46-016E-465E-BB0D-29562D7BF6E1}.Release|x86.ActiveCfg = Release|x86
		{B9175F46-016E-465E-BB0D-29562D7BF6E1}.Release|x86.Build.0 = Release|x86
		{B9175F46-016E-465E-BB0D-29562D7BF6E1}.Release|x86.Deploy.0 = Release|x86
		{A2163CA5-1DD0-4B58-A0F6-60A01245D9EA}.Ad-Hoc|Any CPU.ActiveCfg = Debug|Any CPU
		{A2163CA5-1DD0-4B58-A0F6-60A01245D9EA}.Ad-Hoc|Any CPU.Build.0 = Debug|Any CPU
		{A2163CA5-1DD0-4B58-A0F6-60A01245D9EA}.Ad-Hoc|ARM.ActiveCfg = Debug|Any CPU
		{A2163CA5-1DD0-4B58-A0F6-60A01245D9EA}.Ad-Hoc|ARM.Build.0 = Debug|Any CPU
		{A2163CA5-1DD0-4B58-A0F6-60A01245D9EA}.Ad-Hoc|iPhone.ActiveCfg = Debug|Any CPU
		{A2163CA5-1DD0-4B58-A0F6-60A01245D9EA}.Ad-Hoc|iPhone.Build.0 = Debug|Any CPU
		{A2163CA5-1DD0-4B58-A0F6-60A01245D9EA}.Ad-Hoc|iPhoneSimulator.ActiveCfg = Debug|Any CPU
		{A2163CA5-1DD0-4B58-A0F6-60A01245D9EA}.Ad-Hoc|iPhoneSimulator.Build.0 = Debug|Any CPU
		{A2163CA5-1DD0-4B58-A0F6-60A01245D9EA}.Ad-Hoc|x64.ActiveCfg = Debug|Any CPU
		{A2163CA5-1DD0-4B58-A0F6-60A01245D9EA}.Ad-Hoc|x64.Build.0 = Debug|Any CPU
		{A2163CA5-1DD0-4B58-A0F6-60A01245D9EA}.Ad-Hoc|x86.ActiveCfg = Debug|Any CPU
		{A2163CA5-1DD0-4B58-A0F6-60A01245D9EA}.Ad-Hoc|x86.Build.0 = Debug|Any CPU
		{A2163CA5-1DD0-4B58-A0F6-60A01245D9EA}.AppStore|Any CPU.ActiveCfg = Debug|Any CPU
		{A2163CA5-1DD0-4B58-A0F6-60A01245D9EA}.AppStore|Any CPU.Build.0 = Debug|Any CPU
		{A2163CA5-1DD0-4B58-A0F6-60A01245D9EA}.AppStore|ARM.ActiveCfg = Debug|Any CPU
		{A2163CA5-1DD0-4B58-A0F6-60A01245D9EA}.AppStore|ARM.Build.0 = Debug|Any CPU
		{A2163CA5-1DD0-4B58-A0F6-60A01245D9EA}.AppStore|iPhone.ActiveCfg = Debug|Any CPU
		{A2163CA5-1DD0-4B58-A0F6-60A01245D9EA}.AppStore|iPhone.Build.0 = Debug|Any CPU
		{A2163CA5-1DD0-4B58-A0F6-60A01245D9EA}.AppStore|iPhoneSimulator.ActiveCfg = Debug|Any CPU
		{A2163CA5-1DD0-4B58-A0F6-60A01245D9EA}.AppStore|iPhoneSimulator.Build.0 = Debug|Any CPU
		{A2163CA5-1DD0-4B58-A0F6-60A01245D9EA}.AppStore|x64.ActiveCfg = Debug|Any CPU
		{A2163CA5-1DD0-4B58-A0F6-60A01245D9EA}.AppStore|x64.Build.0 = Debug|Any CPU
		{A2163CA5-1DD0-4B58-A0F6-60A01245D9EA}.AppStore|x86.ActiveCfg = Debug|Any CPU
		{A2163CA5-1DD0-4B58-A0F6-60A01245D9EA}.AppStore|x86.Build.0 = Debug|Any CPU
		{A2163CA5-1DD0-4B58-A0F6-60A01245D9EA}.Debug|Any CPU.ActiveCfg = Debug|Any CPU
		{A2163CA5-1DD0-4B58-A0F6-60A01245D9EA}.Debug|Any CPU.Build.0 = Debug|Any CPU
		{A2163CA5-1DD0-4B58-A0F6-60A01245D9EA}.Debug|ARM.ActiveCfg = Debug|Any CPU
		{A2163CA5-1DD0-4B58-A0F6-60A01245D9EA}.Debug|ARM.Build.0 = Debug|Any CPU
		{A2163CA5-1DD0-4B58-A0F6-60A01245D9EA}.Debug|iPhone.ActiveCfg = Debug|Any CPU
		{A2163CA5-1DD0-4B58-A0F6-60A01245D9EA}.Debug|iPhone.Build.0 = Debug|Any CPU
		{A2163CA5-1DD0-4B58-A0F6-60A01245D9EA}.Debug|iPhoneSimulator.ActiveCfg = Debug|Any CPU
		{A2163CA5-1DD0-4B58-A0F6-60A01245D9EA}.Debug|iPhoneSimulator.Build.0 = Debug|Any CPU
		{A2163CA5-1DD0-4B58-A0F6-60A01245D9EA}.Debug|x64.ActiveCfg = Debug|Any CPU
		{A2163CA5-1DD0-4B58-A0F6-60A01245D9EA}.Debug|x64.Build.0 = Debug|Any CPU
		{A2163CA5-1DD0-4B58-A0F6-60A01245D9EA}.Debug|x86.ActiveCfg = Debug|Any CPU
		{A2163CA5-1DD0-4B58-A0F6-60A01245D9EA}.Debug|x86.Build.0 = Debug|Any CPU
		{A2163CA5-1DD0-4B58-A0F6-60A01245D9EA}.Release|Any CPU.ActiveCfg = Release|Any CPU
		{A2163CA5-1DD0-4B58-A0F6-60A01245D9EA}.Release|Any CPU.Build.0 = Release|Any CPU
		{A2163CA5-1DD0-4B58-A0F6-60A01245D9EA}.Release|ARM.ActiveCfg = Release|Any CPU
		{A2163CA5-1DD0-4B58-A0F6-60A01245D9EA}.Release|ARM.Build.0 = Release|Any CPU
		{A2163CA5-1DD0-4B58-A0F6-60A01245D9EA}.Release|iPhone.ActiveCfg = Release|Any CPU
		{A2163CA5-1DD0-4B58-A0F6-60A01245D9EA}.Release|iPhone.Build.0 = Release|Any CPU
		{A2163CA5-1DD0-4B58-A0F6-60A01245D9EA}.Release|iPhoneSimulator.ActiveCfg = Release|Any CPU
		{A2163CA5-1DD0-4B58-A0F6-60A01245D9EA}.Release|iPhoneSimulator.Build.0 = Release|Any CPU
		{A2163CA5-1DD0-4B58-A0F6-60A01245D9EA}.Release|x64.ActiveCfg = Release|Any CPU
		{A2163CA5-1DD0-4B58-A0F6-60A01245D9EA}.Release|x64.Build.0 = Release|Any CPU
		{A2163CA5-1DD0-4B58-A0F6-60A01245D9EA}.Release|x86.ActiveCfg = Release|Any CPU
		{A2163CA5-1DD0-4B58-A0F6-60A01245D9EA}.Release|x86.Build.0 = Release|Any CPU
		{9077B8B3-A32D-45C3-898A-9E379D0B97F3}.Ad-Hoc|Any CPU.ActiveCfg = Debug|Any CPU
		{9077B8B3-A32D-45C3-898A-9E379D0B97F3}.Ad-Hoc|Any CPU.Build.0 = Debug|Any CPU
		{9077B8B3-A32D-45C3-898A-9E379D0B97F3}.Ad-Hoc|ARM.ActiveCfg = Debug|Any CPU
		{9077B8B3-A32D-45C3-898A-9E379D0B97F3}.Ad-Hoc|ARM.Build.0 = Debug|Any CPU
		{9077B8B3-A32D-45C3-898A-9E379D0B97F3}.Ad-Hoc|iPhone.ActiveCfg = Debug|Any CPU
		{9077B8B3-A32D-45C3-898A-9E379D0B97F3}.Ad-Hoc|iPhone.Build.0 = Debug|Any CPU
		{9077B8B3-A32D-45C3-898A-9E379D0B97F3}.Ad-Hoc|iPhoneSimulator.ActiveCfg = Debug|Any CPU
		{9077B8B3-A32D-45C3-898A-9E379D0B97F3}.Ad-Hoc|iPhoneSimulator.Build.0 = Debug|Any CPU
		{9077B8B3-A32D-45C3-898A-9E379D0B97F3}.Ad-Hoc|x64.ActiveCfg = Debug|Any CPU
		{9077B8B3-A32D-45C3-898A-9E379D0B97F3}.Ad-Hoc|x64.Build.0 = Debug|Any CPU
		{9077B8B3-A32D-45C3-898A-9E379D0B97F3}.Ad-Hoc|x86.ActiveCfg = Debug|Any CPU
		{9077B8B3-A32D-45C3-898A-9E379D0B97F3}.Ad-Hoc|x86.Build.0 = Debug|Any CPU
		{9077B8B3-A32D-45C3-898A-9E379D0B97F3}.AppStore|Any CPU.ActiveCfg = Debug|Any CPU
		{9077B8B3-A32D-45C3-898A-9E379D0B97F3}.AppStore|Any CPU.Build.0 = Debug|Any CPU
		{9077B8B3-A32D-45C3-898A-9E379D0B97F3}.AppStore|ARM.ActiveCfg = Debug|Any CPU
		{9077B8B3-A32D-45C3-898A-9E379D0B97F3}.AppStore|ARM.Build.0 = Debug|Any CPU
		{9077B8B3-A32D-45C3-898A-9E379D0B97F3}.AppStore|iPhone.ActiveCfg = Debug|Any CPU
		{9077B8B3-A32D-45C3-898A-9E379D0B97F3}.AppStore|iPhone.Build.0 = Debug|Any CPU
		{9077B8B3-A32D-45C3-898A-9E379D0B97F3}.AppStore|iPhoneSimulator.ActiveCfg = Debug|Any CPU
		{9077B8B3-A32D-45C3-898A-9E379D0B97F3}.AppStore|iPhoneSimulator.Build.0 = Debug|Any CPU
		{9077B8B3-A32D-45C3-898A-9E379D0B97F3}.AppStore|x64.ActiveCfg = Debug|Any CPU
		{9077B8B3-A32D-45C3-898A-9E379D0B97F3}.AppStore|x64.Build.0 = Debug|Any CPU
		{9077B8B3-A32D-45C3-898A-9E379D0B97F3}.AppStore|x86.ActiveCfg = Debug|Any CPU
		{9077B8B3-A32D-45C3-898A-9E379D0B97F3}.AppStore|x86.Build.0 = Debug|Any CPU
		{9077B8B3-A32D-45C3-898A-9E379D0B97F3}.Debug|Any CPU.ActiveCfg = Debug|Any CPU
		{9077B8B3-A32D-45C3-898A-9E379D0B97F3}.Debug|Any CPU.Build.0 = Debug|Any CPU
		{9077B8B3-A32D-45C3-898A-9E379D0B97F3}.Debug|ARM.ActiveCfg = Debug|Any CPU
		{9077B8B3-A32D-45C3-898A-9E379D0B97F3}.Debug|ARM.Build.0 = Debug|Any CPU
		{9077B8B3-A32D-45C3-898A-9E379D0B97F3}.Debug|iPhone.ActiveCfg = Debug|Any CPU
		{9077B8B3-A32D-45C3-898A-9E379D0B97F3}.Debug|iPhone.Build.0 = Debug|Any CPU
		{9077B8B3-A32D-45C3-898A-9E379D0B97F3}.Debug|iPhoneSimulator.ActiveCfg = Debug|Any CPU
		{9077B8B3-A32D-45C3-898A-9E379D0B97F3}.Debug|iPhoneSimulator.Build.0 = Debug|Any CPU
		{9077B8B3-A32D-45C3-898A-9E379D0B97F3}.Debug|x64.ActiveCfg = Debug|Any CPU
		{9077B8B3-A32D-45C3-898A-9E379D0B97F3}.Debug|x64.Build.0 = Debug|Any CPU
		{9077B8B3-A32D-45C3-898A-9E379D0B97F3}.Debug|x86.ActiveCfg = Debug|Any CPU
		{9077B8B3-A32D-45C3-898A-9E379D0B97F3}.Debug|x86.Build.0 = Debug|Any CPU
		{9077B8B3-A32D-45C3-898A-9E379D0B97F3}.Release|Any CPU.ActiveCfg = Release|Any CPU
		{9077B8B3-A32D-45C3-898A-9E379D0B97F3}.Release|Any CPU.Build.0 = Release|Any CPU
		{9077B8B3-A32D-45C3-898A-9E379D0B97F3}.Release|ARM.ActiveCfg = Release|Any CPU
		{9077B8B3-A32D-45C3-898A-9E379D0B97F3}.Release|ARM.Build.0 = Release|Any CPU
		{9077B8B3-A32D-45C3-898A-9E379D0B97F3}.Release|iPhone.ActiveCfg = Release|Any CPU
		{9077B8B3-A32D-45C3-898A-9E379D0B97F3}.Release|iPhone.Build.0 = Release|Any CPU
		{9077B8B3-A32D-45C3-898A-9E379D0B97F3}.Release|iPhoneSimulator.ActiveCfg = Release|Any CPU
		{9077B8B3-A32D-45C3-898A-9E379D0B97F3}.Release|iPhoneSimulator.Build.0 = Release|Any CPU
		{9077B8B3-A32D-45C3-898A-9E379D0B97F3}.Release|x64.ActiveCfg = Release|Any CPU
		{9077B8B3-A32D-45C3-898A-9E379D0B97F3}.Release|x64.Build.0 = Release|Any CPU
		{9077B8B3-A32D-45C3-898A-9E379D0B97F3}.Release|x86.ActiveCfg = Release|Any CPU
		{9077B8B3-A32D-45C3-898A-9E379D0B97F3}.Release|x86.Build.0 = Release|Any CPU
		{395C526E-47A4-41F8-B578-BEDABDCAE134}.Ad-Hoc|Any CPU.ActiveCfg = Debug|Any CPU
		{395C526E-47A4-41F8-B578-BEDABDCAE134}.Ad-Hoc|Any CPU.Build.0 = Debug|Any CPU
		{395C526E-47A4-41F8-B578-BEDABDCAE134}.Ad-Hoc|ARM.ActiveCfg = Debug|Any CPU
		{395C526E-47A4-41F8-B578-BEDABDCAE134}.Ad-Hoc|ARM.Build.0 = Debug|Any CPU
		{395C526E-47A4-41F8-B578-BEDABDCAE134}.Ad-Hoc|iPhone.ActiveCfg = Debug|Any CPU
		{395C526E-47A4-41F8-B578-BEDABDCAE134}.Ad-Hoc|iPhone.Build.0 = Debug|Any CPU
		{395C526E-47A4-41F8-B578-BEDABDCAE134}.Ad-Hoc|iPhoneSimulator.ActiveCfg = Debug|Any CPU
		{395C526E-47A4-41F8-B578-BEDABDCAE134}.Ad-Hoc|iPhoneSimulator.Build.0 = Debug|Any CPU
		{395C526E-47A4-41F8-B578-BEDABDCAE134}.Ad-Hoc|x64.ActiveCfg = Debug|Any CPU
		{395C526E-47A4-41F8-B578-BEDABDCAE134}.Ad-Hoc|x64.Build.0 = Debug|Any CPU
		{395C526E-47A4-41F8-B578-BEDABDCAE134}.Ad-Hoc|x86.ActiveCfg = Debug|Any CPU
		{395C526E-47A4-41F8-B578-BEDABDCAE134}.Ad-Hoc|x86.Build.0 = Debug|Any CPU
		{395C526E-47A4-41F8-B578-BEDABDCAE134}.AppStore|Any CPU.ActiveCfg = Debug|Any CPU
		{395C526E-47A4-41F8-B578-BEDABDCAE134}.AppStore|Any CPU.Build.0 = Debug|Any CPU
		{395C526E-47A4-41F8-B578-BEDABDCAE134}.AppStore|ARM.ActiveCfg = Debug|Any CPU
		{395C526E-47A4-41F8-B578-BEDABDCAE134}.AppStore|ARM.Build.0 = Debug|Any CPU
		{395C526E-47A4-41F8-B578-BEDABDCAE134}.AppStore|iPhone.ActiveCfg = Debug|Any CPU
		{395C526E-47A4-41F8-B578-BEDABDCAE134}.AppStore|iPhone.Build.0 = Debug|Any CPU
		{395C526E-47A4-41F8-B578-BEDABDCAE134}.AppStore|iPhoneSimulator.ActiveCfg = Debug|Any CPU
		{395C526E-47A4-41F8-B578-BEDABDCAE134}.AppStore|iPhoneSimulator.Build.0 = Debug|Any CPU
		{395C526E-47A4-41F8-B578-BEDABDCAE134}.AppStore|x64.ActiveCfg = Debug|Any CPU
		{395C526E-47A4-41F8-B578-BEDABDCAE134}.AppStore|x64.Build.0 = Debug|Any CPU
		{395C526E-47A4-41F8-B578-BEDABDCAE134}.AppStore|x86.ActiveCfg = Debug|Any CPU
		{395C526E-47A4-41F8-B578-BEDABDCAE134}.AppStore|x86.Build.0 = Debug|Any CPU
		{395C526E-47A4-41F8-B578-BEDABDCAE134}.Debug|Any CPU.ActiveCfg = Debug|Any CPU
		{395C526E-47A4-41F8-B578-BEDABDCAE134}.Debug|Any CPU.Build.0 = Debug|Any CPU
		{395C526E-47A4-41F8-B578-BEDABDCAE134}.Debug|ARM.ActiveCfg = Debug|Any CPU
		{395C526E-47A4-41F8-B578-BEDABDCAE134}.Debug|ARM.Build.0 = Debug|Any CPU
		{395C526E-47A4-41F8-B578-BEDABDCAE134}.Debug|iPhone.ActiveCfg = Debug|Any CPU
		{395C526E-47A4-41F8-B578-BEDABDCAE134}.Debug|iPhone.Build.0 = Debug|Any CPU
		{395C526E-47A4-41F8-B578-BEDABDCAE134}.Debug|iPhoneSimulator.ActiveCfg = Debug|Any CPU
		{395C526E-47A4-41F8-B578-BEDABDCAE134}.Debug|iPhoneSimulator.Build.0 = Debug|Any CPU
		{395C526E-47A4-41F8-B578-BEDABDCAE134}.Debug|x64.ActiveCfg = Debug|Any CPU
		{395C526E-47A4-41F8-B578-BEDABDCAE134}.Debug|x64.Build.0 = Debug|Any CPU
		{395C526E-47A4-41F8-B578-BEDABDCAE134}.Debug|x86.ActiveCfg = Debug|Any CPU
		{395C526E-47A4-41F8-B578-BEDABDCAE134}.Debug|x86.Build.0 = Debug|Any CPU
		{395C526E-47A4-41F8-B578-BEDABDCAE134}.Release|Any CPU.ActiveCfg = Release|Any CPU
		{395C526E-47A4-41F8-B578-BEDABDCAE134}.Release|Any CPU.Build.0 = Release|Any CPU
		{395C526E-47A4-41F8-B578-BEDABDCAE134}.Release|ARM.ActiveCfg = Release|Any CPU
		{395C526E-47A4-41F8-B578-BEDABDCAE134}.Release|ARM.Build.0 = Release|Any CPU
		{395C526E-47A4-41F8-B578-BEDABDCAE134}.Release|iPhone.ActiveCfg = Release|Any CPU
		{395C526E-47A4-41F8-B578-BEDABDCAE134}.Release|iPhone.Build.0 = Release|Any CPU
		{395C526E-47A4-41F8-B578-BEDABDCAE134}.Release|iPhoneSimulator.ActiveCfg = Release|Any CPU
		{395C526E-47A4-41F8-B578-BEDABDCAE134}.Release|iPhoneSimulator.Build.0 = Release|Any CPU
		{395C526E-47A4-41F8-B578-BEDABDCAE134}.Release|x64.ActiveCfg = Release|Any CPU
		{395C526E-47A4-41F8-B578-BEDABDCAE134}.Release|x64.Build.0 = Release|Any CPU
		{395C526E-47A4-41F8-B578-BEDABDCAE134}.Release|x86.ActiveCfg = Release|Any CPU
		{395C526E-47A4-41F8-B578-BEDABDCAE134}.Release|x86.Build.0 = Release|Any CPU
		{837B40AD-3DCF-4EF8-8F44-E7A209F393AD}.Ad-Hoc|Any CPU.ActiveCfg = Debug|Any CPU
		{837B40AD-3DCF-4EF8-8F44-E7A209F393AD}.Ad-Hoc|Any CPU.Build.0 = Debug|Any CPU
		{837B40AD-3DCF-4EF8-8F44-E7A209F393AD}.Ad-Hoc|ARM.ActiveCfg = Debug|Any CPU
		{837B40AD-3DCF-4EF8-8F44-E7A209F393AD}.Ad-Hoc|ARM.Build.0 = Debug|Any CPU
		{837B40AD-3DCF-4EF8-8F44-E7A209F393AD}.Ad-Hoc|iPhone.ActiveCfg = Debug|Any CPU
		{837B40AD-3DCF-4EF8-8F44-E7A209F393AD}.Ad-Hoc|iPhone.Build.0 = Debug|Any CPU
		{837B40AD-3DCF-4EF8-8F44-E7A209F393AD}.Ad-Hoc|iPhoneSimulator.ActiveCfg = Debug|Any CPU
		{837B40AD-3DCF-4EF8-8F44-E7A209F393AD}.Ad-Hoc|iPhoneSimulator.Build.0 = Debug|Any CPU
		{837B40AD-3DCF-4EF8-8F44-E7A209F393AD}.Ad-Hoc|x64.ActiveCfg = Debug|Any CPU
		{837B40AD-3DCF-4EF8-8F44-E7A209F393AD}.Ad-Hoc|x64.Build.0 = Debug|Any CPU
		{837B40AD-3DCF-4EF8-8F44-E7A209F393AD}.Ad-Hoc|x86.ActiveCfg = Debug|Any CPU
		{837B40AD-3DCF-4EF8-8F44-E7A209F393AD}.Ad-Hoc|x86.Build.0 = Debug|Any CPU
		{837B40AD-3DCF-4EF8-8F44-E7A209F393AD}.AppStore|Any CPU.ActiveCfg = Debug|Any CPU
		{837B40AD-3DCF-4EF8-8F44-E7A209F393AD}.AppStore|Any CPU.Build.0 = Debug|Any CPU
		{837B40AD-3DCF-4EF8-8F44-E7A209F393AD}.AppStore|ARM.ActiveCfg = Debug|Any CPU
		{837B40AD-3DCF-4EF8-8F44-E7A209F393AD}.AppStore|ARM.Build.0 = Debug|Any CPU
		{837B40AD-3DCF-4EF8-8F44-E7A209F393AD}.AppStore|iPhone.ActiveCfg = Debug|Any CPU
		{837B40AD-3DCF-4EF8-8F44-E7A209F393AD}.AppStore|iPhone.Build.0 = Debug|Any CPU
		{837B40AD-3DCF-4EF8-8F44-E7A209F393AD}.AppStore|iPhoneSimulator.ActiveCfg = Debug|Any CPU
		{837B40AD-3DCF-4EF8-8F44-E7A209F393AD}.AppStore|iPhoneSimulator.Build.0 = Debug|Any CPU
		{837B40AD-3DCF-4EF8-8F44-E7A209F393AD}.AppStore|x64.ActiveCfg = Debug|Any CPU
		{837B40AD-3DCF-4EF8-8F44-E7A209F393AD}.AppStore|x64.Build.0 = Debug|Any CPU
		{837B40AD-3DCF-4EF8-8F44-E7A209F393AD}.AppStore|x86.ActiveCfg = Debug|Any CPU
		{837B40AD-3DCF-4EF8-8F44-E7A209F393AD}.AppStore|x86.Build.0 = Debug|Any CPU
		{837B40AD-3DCF-4EF8-8F44-E7A209F393AD}.Debug|Any CPU.ActiveCfg = Debug|Any CPU
		{837B40AD-3DCF-4EF8-8F44-E7A209F393AD}.Debug|Any CPU.Build.0 = Debug|Any CPU
		{837B40AD-3DCF-4EF8-8F44-E7A209F393AD}.Debug|ARM.ActiveCfg = Debug|Any CPU
		{837B40AD-3DCF-4EF8-8F44-E7A209F393AD}.Debug|ARM.Build.0 = Debug|Any CPU
		{837B40AD-3DCF-4EF8-8F44-E7A209F393AD}.Debug|iPhone.ActiveCfg = Debug|Any CPU
		{837B40AD-3DCF-4EF8-8F44-E7A209F393AD}.Debug|iPhone.Build.0 = Debug|Any CPU
		{837B40AD-3DCF-4EF8-8F44-E7A209F393AD}.Debug|iPhoneSimulator.ActiveCfg = Debug|Any CPU
		{837B40AD-3DCF-4EF8-8F44-E7A209F393AD}.Debug|iPhoneSimulator.Build.0 = Debug|Any CPU
		{837B40AD-3DCF-4EF8-8F44-E7A209F393AD}.Debug|x64.ActiveCfg = Debug|Any CPU
		{837B40AD-3DCF-4EF8-8F44-E7A209F393AD}.Debug|x64.Build.0 = Debug|Any CPU
		{837B40AD-3DCF-4EF8-8F44-E7A209F393AD}.Debug|x86.ActiveCfg = Debug|Any CPU
		{837B40AD-3DCF-4EF8-8F44-E7A209F393AD}.Debug|x86.Build.0 = Debug|Any CPU
		{837B40AD-3DCF-4EF8-8F44-E7A209F393AD}.Release|Any CPU.ActiveCfg = Release|Any CPU
		{837B40AD-3DCF-4EF8-8F44-E7A209F393AD}.Release|Any CPU.Build.0 = Release|Any CPU
		{837B40AD-3DCF-4EF8-8F44-E7A209F393AD}.Release|ARM.ActiveCfg = Release|Any CPU
		{837B40AD-3DCF-4EF8-8F44-E7A209F393AD}.Release|ARM.Build.0 = Release|Any CPU
		{837B40AD-3DCF-4EF8-8F44-E7A209F393AD}.Release|iPhone.ActiveCfg = Release|Any CPU
		{837B40AD-3DCF-4EF8-8F44-E7A209F393AD}.Release|iPhone.Build.0 = Release|Any CPU
		{837B40AD-3DCF-4EF8-8F44-E7A209F393AD}.Release|iPhoneSimulator.ActiveCfg = Release|Any CPU
		{837B40AD-3DCF-4EF8-8F44-E7A209F393AD}.Release|iPhoneSimulator.Build.0 = Release|Any CPU
		{837B40AD-3DCF-4EF8-8F44-E7A209F393AD}.Release|x64.ActiveCfg = Release|Any CPU
		{837B40AD-3DCF-4EF8-8F44-E7A209F393AD}.Release|x64.Build.0 = Release|Any CPU
		{837B40AD-3DCF-4EF8-8F44-E7A209F393AD}.Release|x86.ActiveCfg = Release|Any CPU
		{837B40AD-3DCF-4EF8-8F44-E7A209F393AD}.Release|x86.Build.0 = Release|Any CPU
		{255B1766-81E8-4A61-83D4-6AC6689108C1}.Ad-Hoc|Any CPU.ActiveCfg = Debug|Any CPU
		{255B1766-81E8-4A61-83D4-6AC6689108C1}.Ad-Hoc|Any CPU.Build.0 = Debug|Any CPU
		{255B1766-81E8-4A61-83D4-6AC6689108C1}.Ad-Hoc|ARM.ActiveCfg = Debug|Any CPU
		{255B1766-81E8-4A61-83D4-6AC6689108C1}.Ad-Hoc|ARM.Build.0 = Debug|Any CPU
		{255B1766-81E8-4A61-83D4-6AC6689108C1}.Ad-Hoc|iPhone.ActiveCfg = Debug|Any CPU
		{255B1766-81E8-4A61-83D4-6AC6689108C1}.Ad-Hoc|iPhone.Build.0 = Debug|Any CPU
		{255B1766-81E8-4A61-83D4-6AC6689108C1}.Ad-Hoc|iPhoneSimulator.ActiveCfg = Debug|Any CPU
		{255B1766-81E8-4A61-83D4-6AC6689108C1}.Ad-Hoc|iPhoneSimulator.Build.0 = Debug|Any CPU
		{255B1766-81E8-4A61-83D4-6AC6689108C1}.Ad-Hoc|x64.ActiveCfg = Debug|Any CPU
		{255B1766-81E8-4A61-83D4-6AC6689108C1}.Ad-Hoc|x64.Build.0 = Debug|Any CPU
		{255B1766-81E8-4A61-83D4-6AC6689108C1}.Ad-Hoc|x86.ActiveCfg = Debug|Any CPU
		{255B1766-81E8-4A61-83D4-6AC6689108C1}.Ad-Hoc|x86.Build.0 = Debug|Any CPU
		{255B1766-81E8-4A61-83D4-6AC6689108C1}.AppStore|Any CPU.ActiveCfg = Debug|Any CPU
		{255B1766-81E8-4A61-83D4-6AC6689108C1}.AppStore|Any CPU.Build.0 = Debug|Any CPU
		{255B1766-81E8-4A61-83D4-6AC6689108C1}.AppStore|ARM.ActiveCfg = Debug|Any CPU
		{255B1766-81E8-4A61-83D4-6AC6689108C1}.AppStore|ARM.Build.0 = Debug|Any CPU
		{255B1766-81E8-4A61-83D4-6AC6689108C1}.AppStore|iPhone.ActiveCfg = Debug|Any CPU
		{255B1766-81E8-4A61-83D4-6AC6689108C1}.AppStore|iPhone.Build.0 = Debug|Any CPU
		{255B1766-81E8-4A61-83D4-6AC6689108C1}.AppStore|iPhoneSimulator.ActiveCfg = Debug|Any CPU
		{255B1766-81E8-4A61-83D4-6AC6689108C1}.AppStore|iPhoneSimulator.Build.0 = Debug|Any CPU
		{255B1766-81E8-4A61-83D4-6AC6689108C1}.AppStore|x64.ActiveCfg = Debug|Any CPU
		{255B1766-81E8-4A61-83D4-6AC6689108C1}.AppStore|x64.Build.0 = Debug|Any CPU
		{255B1766-81E8-4A61-83D4-6AC6689108C1}.AppStore|x86.ActiveCfg = Debug|Any CPU
		{255B1766-81E8-4A61-83D4-6AC6689108C1}.AppStore|x86.Build.0 = Debug|Any CPU
		{255B1766-81E8-4A61-83D4-6AC6689108C1}.Debug|Any CPU.ActiveCfg = Debug|Any CPU
		{255B1766-81E8-4A61-83D4-6AC6689108C1}.Debug|Any CPU.Build.0 = Debug|Any CPU
		{255B1766-81E8-4A61-83D4-6AC6689108C1}.Debug|ARM.ActiveCfg = Debug|Any CPU
		{255B1766-81E8-4A61-83D4-6AC6689108C1}.Debug|ARM.Build.0 = Debug|Any CPU
		{255B1766-81E8-4A61-83D4-6AC6689108C1}.Debug|iPhone.ActiveCfg = Debug|Any CPU
		{255B1766-81E8-4A61-83D4-6AC6689108C1}.Debug|iPhone.Build.0 = Debug|Any CPU
		{255B1766-81E8-4A61-83D4-6AC6689108C1}.Debug|iPhoneSimulator.ActiveCfg = Debug|Any CPU
		{255B1766-81E8-4A61-83D4-6AC6689108C1}.Debug|iPhoneSimulator.Build.0 = Debug|Any CPU
		{255B1766-81E8-4A61-83D4-6AC6689108C1}.Debug|x64.ActiveCfg = Debug|Any CPU
		{255B1766-81E8-4A61-83D4-6AC6689108C1}.Debug|x64.Build.0 = Debug|Any CPU
		{255B1766-81E8-4A61-83D4-6AC6689108C1}.Debug|x86.ActiveCfg = Debug|Any CPU
		{255B1766-81E8-4A61-83D4-6AC6689108C1}.Debug|x86.Build.0 = Debug|Any CPU
		{255B1766-81E8-4A61-83D4-6AC6689108C1}.Release|Any CPU.ActiveCfg = Release|Any CPU
		{255B1766-81E8-4A61-83D4-6AC6689108C1}.Release|Any CPU.Build.0 = Release|Any CPU
		{255B1766-81E8-4A61-83D4-6AC6689108C1}.Release|ARM.ActiveCfg = Release|Any CPU
		{255B1766-81E8-4A61-83D4-6AC6689108C1}.Release|ARM.Build.0 = Release|Any CPU
		{255B1766-81E8-4A61-83D4-6AC6689108C1}.Release|iPhone.ActiveCfg = Release|Any CPU
		{255B1766-81E8-4A61-83D4-6AC6689108C1}.Release|iPhone.Build.0 = Release|Any CPU
		{255B1766-81E8-4A61-83D4-6AC6689108C1}.Release|iPhoneSimulator.ActiveCfg = Release|Any CPU
		{255B1766-81E8-4A61-83D4-6AC6689108C1}.Release|iPhoneSimulator.Build.0 = Release|Any CPU
		{255B1766-81E8-4A61-83D4-6AC6689108C1}.Release|x64.ActiveCfg = Release|Any CPU
		{255B1766-81E8-4A61-83D4-6AC6689108C1}.Release|x64.Build.0 = Release|Any CPU
		{255B1766-81E8-4A61-83D4-6AC6689108C1}.Release|x86.ActiveCfg = Release|Any CPU
		{255B1766-81E8-4A61-83D4-6AC6689108C1}.Release|x86.Build.0 = Release|Any CPU
		{11BA3575-8A07-4FD3-B52E-540063A9B4B1}.Ad-Hoc|Any CPU.ActiveCfg = Debug|Any CPU
		{11BA3575-8A07-4FD3-B52E-540063A9B4B1}.Ad-Hoc|Any CPU.Build.0 = Debug|Any CPU
		{11BA3575-8A07-4FD3-B52E-540063A9B4B1}.Ad-Hoc|ARM.ActiveCfg = Debug|Any CPU
		{11BA3575-8A07-4FD3-B52E-540063A9B4B1}.Ad-Hoc|ARM.Build.0 = Debug|Any CPU
		{11BA3575-8A07-4FD3-B52E-540063A9B4B1}.Ad-Hoc|iPhone.ActiveCfg = Debug|Any CPU
		{11BA3575-8A07-4FD3-B52E-540063A9B4B1}.Ad-Hoc|iPhone.Build.0 = Debug|Any CPU
		{11BA3575-8A07-4FD3-B52E-540063A9B4B1}.Ad-Hoc|iPhoneSimulator.ActiveCfg = Debug|Any CPU
		{11BA3575-8A07-4FD3-B52E-540063A9B4B1}.Ad-Hoc|iPhoneSimulator.Build.0 = Debug|Any CPU
		{11BA3575-8A07-4FD3-B52E-540063A9B4B1}.Ad-Hoc|x64.ActiveCfg = Debug|Any CPU
		{11BA3575-8A07-4FD3-B52E-540063A9B4B1}.Ad-Hoc|x64.Build.0 = Debug|Any CPU
		{11BA3575-8A07-4FD3-B52E-540063A9B4B1}.Ad-Hoc|x86.ActiveCfg = Debug|Any CPU
		{11BA3575-8A07-4FD3-B52E-540063A9B4B1}.Ad-Hoc|x86.Build.0 = Debug|Any CPU
		{11BA3575-8A07-4FD3-B52E-540063A9B4B1}.AppStore|Any CPU.ActiveCfg = Debug|Any CPU
		{11BA3575-8A07-4FD3-B52E-540063A9B4B1}.AppStore|Any CPU.Build.0 = Debug|Any CPU
		{11BA3575-8A07-4FD3-B52E-540063A9B4B1}.AppStore|ARM.ActiveCfg = Debug|Any CPU
		{11BA3575-8A07-4FD3-B52E-540063A9B4B1}.AppStore|ARM.Build.0 = Debug|Any CPU
		{11BA3575-8A07-4FD3-B52E-540063A9B4B1}.AppStore|iPhone.ActiveCfg = Debug|Any CPU
		{11BA3575-8A07-4FD3-B52E-540063A9B4B1}.AppStore|iPhone.Build.0 = Debug|Any CPU
		{11BA3575-8A07-4FD3-B52E-540063A9B4B1}.AppStore|iPhoneSimulator.ActiveCfg = Debug|Any CPU
		{11BA3575-8A07-4FD3-B52E-540063A9B4B1}.AppStore|iPhoneSimulator.Build.0 = Debug|Any CPU
		{11BA3575-8A07-4FD3-B52E-540063A9B4B1}.AppStore|x64.ActiveCfg = Debug|Any CPU
		{11BA3575-8A07-4FD3-B52E-540063A9B4B1}.AppStore|x64.Build.0 = Debug|Any CPU
		{11BA3575-8A07-4FD3-B52E-540063A9B4B1}.AppStore|x86.ActiveCfg = Debug|Any CPU
		{11BA3575-8A07-4FD3-B52E-540063A9B4B1}.AppStore|x86.Build.0 = Debug|Any CPU
		{11BA3575-8A07-4FD3-B52E-540063A9B4B1}.Debug|Any CPU.ActiveCfg = Debug|Any CPU
		{11BA3575-8A07-4FD3-B52E-540063A9B4B1}.Debug|Any CPU.Build.0 = Debug|Any CPU
		{11BA3575-8A07-4FD3-B52E-540063A9B4B1}.Debug|ARM.ActiveCfg = Debug|Any CPU
		{11BA3575-8A07-4FD3-B52E-540063A9B4B1}.Debug|ARM.Build.0 = Debug|Any CPU
		{11BA3575-8A07-4FD3-B52E-540063A9B4B1}.Debug|iPhone.ActiveCfg = Debug|Any CPU
		{11BA3575-8A07-4FD3-B52E-540063A9B4B1}.Debug|iPhone.Build.0 = Debug|Any CPU
		{11BA3575-8A07-4FD3-B52E-540063A9B4B1}.Debug|iPhoneSimulator.ActiveCfg = Debug|Any CPU
		{11BA3575-8A07-4FD3-B52E-540063A9B4B1}.Debug|iPhoneSimulator.Build.0 = Debug|Any CPU
		{11BA3575-8A07-4FD3-B52E-540063A9B4B1}.Debug|x64.ActiveCfg = Debug|Any CPU
		{11BA3575-8A07-4FD3-B52E-540063A9B4B1}.Debug|x64.Build.0 = Debug|Any CPU
		{11BA3575-8A07-4FD3-B52E-540063A9B4B1}.Debug|x86.ActiveCfg = Debug|Any CPU
		{11BA3575-8A07-4FD3-B52E-540063A9B4B1}.Debug|x86.Build.0 = Debug|Any CPU
		{11BA3575-8A07-4FD3-B52E-540063A9B4B1}.Release|Any CPU.ActiveCfg = Release|Any CPU
		{11BA3575-8A07-4FD3-B52E-540063A9B4B1}.Release|Any CPU.Build.0 = Release|Any CPU
		{11BA3575-8A07-4FD3-B52E-540063A9B4B1}.Release|ARM.ActiveCfg = Release|Any CPU
		{11BA3575-8A07-4FD3-B52E-540063A9B4B1}.Release|ARM.Build.0 = Release|Any CPU
		{11BA3575-8A07-4FD3-B52E-540063A9B4B1}.Release|iPhone.ActiveCfg = Release|Any CPU
		{11BA3575-8A07-4FD3-B52E-540063A9B4B1}.Release|iPhone.Build.0 = Release|Any CPU
		{11BA3575-8A07-4FD3-B52E-540063A9B4B1}.Release|iPhoneSimulator.ActiveCfg = Release|Any CPU
		{11BA3575-8A07-4FD3-B52E-540063A9B4B1}.Release|iPhoneSimulator.Build.0 = Release|Any CPU
		{11BA3575-8A07-4FD3-B52E-540063A9B4B1}.Release|x64.ActiveCfg = Release|Any CPU
		{11BA3575-8A07-4FD3-B52E-540063A9B4B1}.Release|x64.Build.0 = Release|Any CPU
		{11BA3575-8A07-4FD3-B52E-540063A9B4B1}.Release|x86.ActiveCfg = Release|Any CPU
		{11BA3575-8A07-4FD3-B52E-540063A9B4B1}.Release|x86.Build.0 = Release|Any CPU
		{FE694E50-A54D-4D86-B3A3-3A5A0335B7B4}.Ad-Hoc|Any CPU.ActiveCfg = Debug|Any CPU
		{FE694E50-A54D-4D86-B3A3-3A5A0335B7B4}.Ad-Hoc|Any CPU.Build.0 = Debug|Any CPU
		{FE694E50-A54D-4D86-B3A3-3A5A0335B7B4}.Ad-Hoc|ARM.ActiveCfg = Debug|Any CPU
		{FE694E50-A54D-4D86-B3A3-3A5A0335B7B4}.Ad-Hoc|ARM.Build.0 = Debug|Any CPU
		{FE694E50-A54D-4D86-B3A3-3A5A0335B7B4}.Ad-Hoc|iPhone.ActiveCfg = Debug|Any CPU
		{FE694E50-A54D-4D86-B3A3-3A5A0335B7B4}.Ad-Hoc|iPhone.Build.0 = Debug|Any CPU
		{FE694E50-A54D-4D86-B3A3-3A5A0335B7B4}.Ad-Hoc|iPhoneSimulator.ActiveCfg = Debug|Any CPU
		{FE694E50-A54D-4D86-B3A3-3A5A0335B7B4}.Ad-Hoc|iPhoneSimulator.Build.0 = Debug|Any CPU
		{FE694E50-A54D-4D86-B3A3-3A5A0335B7B4}.Ad-Hoc|x64.ActiveCfg = Debug|Any CPU
		{FE694E50-A54D-4D86-B3A3-3A5A0335B7B4}.Ad-Hoc|x64.Build.0 = Debug|Any CPU
		{FE694E50-A54D-4D86-B3A3-3A5A0335B7B4}.Ad-Hoc|x86.ActiveCfg = Debug|Any CPU
		{FE694E50-A54D-4D86-B3A3-3A5A0335B7B4}.Ad-Hoc|x86.Build.0 = Debug|Any CPU
		{FE694E50-A54D-4D86-B3A3-3A5A0335B7B4}.AppStore|Any CPU.ActiveCfg = Debug|Any CPU
		{FE694E50-A54D-4D86-B3A3-3A5A0335B7B4}.AppStore|Any CPU.Build.0 = Debug|Any CPU
		{FE694E50-A54D-4D86-B3A3-3A5A0335B7B4}.AppStore|ARM.ActiveCfg = Debug|Any CPU
		{FE694E50-A54D-4D86-B3A3-3A5A0335B7B4}.AppStore|ARM.Build.0 = Debug|Any CPU
		{FE694E50-A54D-4D86-B3A3-3A5A0335B7B4}.AppStore|iPhone.ActiveCfg = Debug|Any CPU
		{FE694E50-A54D-4D86-B3A3-3A5A0335B7B4}.AppStore|iPhone.Build.0 = Debug|Any CPU
		{FE694E50-A54D-4D86-B3A3-3A5A0335B7B4}.AppStore|iPhoneSimulator.ActiveCfg = Debug|Any CPU
		{FE694E50-A54D-4D86-B3A3-3A5A0335B7B4}.AppStore|iPhoneSimulator.Build.0 = Debug|Any CPU
		{FE694E50-A54D-4D86-B3A3-3A5A0335B7B4}.AppStore|x64.ActiveCfg = Debug|Any CPU
		{FE694E50-A54D-4D86-B3A3-3A5A0335B7B4}.AppStore|x64.Build.0 = Debug|Any CPU
		{FE694E50-A54D-4D86-B3A3-3A5A0335B7B4}.AppStore|x86.ActiveCfg = Debug|Any CPU
		{FE694E50-A54D-4D86-B3A3-3A5A0335B7B4}.AppStore|x86.Build.0 = Debug|Any CPU
		{FE694E50-A54D-4D86-B3A3-3A5A0335B7B4}.Debug|Any CPU.ActiveCfg = Debug|Any CPU
		{FE694E50-A54D-4D86-B3A3-3A5A0335B7B4}.Debug|Any CPU.Build.0 = Debug|Any CPU
		{FE694E50-A54D-4D86-B3A3-3A5A0335B7B4}.Debug|ARM.ActiveCfg = Debug|Any CPU
		{FE694E50-A54D-4D86-B3A3-3A5A0335B7B4}.Debug|ARM.Build.0 = Debug|Any CPU
		{FE694E50-A54D-4D86-B3A3-3A5A0335B7B4}.Debug|iPhone.ActiveCfg = Debug|Any CPU
		{FE694E50-A54D-4D86-B3A3-3A5A0335B7B4}.Debug|iPhone.Build.0 = Debug|Any CPU
		{FE694E50-A54D-4D86-B3A3-3A5A0335B7B4}.Debug|iPhoneSimulator.ActiveCfg = Debug|Any CPU
		{FE694E50-A54D-4D86-B3A3-3A5A0335B7B4}.Debug|iPhoneSimulator.Build.0 = Debug|Any CPU
		{FE694E50-A54D-4D86-B3A3-3A5A0335B7B4}.Debug|x64.ActiveCfg = Debug|Any CPU
		{FE694E50-A54D-4D86-B3A3-3A5A0335B7B4}.Debug|x64.Build.0 = Debug|Any CPU
		{FE694E50-A54D-4D86-B3A3-3A5A0335B7B4}.Debug|x86.ActiveCfg = Debug|Any CPU
		{FE694E50-A54D-4D86-B3A3-3A5A0335B7B4}.Debug|x86.Build.0 = Debug|Any CPU
		{FE694E50-A54D-4D86-B3A3-3A5A0335B7B4}.Release|Any CPU.ActiveCfg = Release|Any CPU
		{FE694E50-A54D-4D86-B3A3-3A5A0335B7B4}.Release|Any CPU.Build.0 = Release|Any CPU
		{FE694E50-A54D-4D86-B3A3-3A5A0335B7B4}.Release|ARM.ActiveCfg = Release|Any CPU
		{FE694E50-A54D-4D86-B3A3-3A5A0335B7B4}.Release|ARM.Build.0 = Release|Any CPU
		{FE694E50-A54D-4D86-B3A3-3A5A0335B7B4}.Release|iPhone.ActiveCfg = Release|Any CPU
		{FE694E50-A54D-4D86-B3A3-3A5A0335B7B4}.Release|iPhone.Build.0 = Release|Any CPU
		{FE694E50-A54D-4D86-B3A3-3A5A0335B7B4}.Release|iPhoneSimulator.ActiveCfg = Release|Any CPU
		{FE694E50-A54D-4D86-B3A3-3A5A0335B7B4}.Release|iPhoneSimulator.Build.0 = Release|Any CPU
		{FE694E50-A54D-4D86-B3A3-3A5A0335B7B4}.Release|x64.ActiveCfg = Release|Any CPU
		{FE694E50-A54D-4D86-B3A3-3A5A0335B7B4}.Release|x64.Build.0 = Release|Any CPU
		{FE694E50-A54D-4D86-B3A3-3A5A0335B7B4}.Release|x86.ActiveCfg = Release|Any CPU
		{FE694E50-A54D-4D86-B3A3-3A5A0335B7B4}.Release|x86.Build.0 = Release|Any CPU
		{749314A2-B959-4C9D-B286-C24D77A64DBB}.Ad-Hoc|Any CPU.ActiveCfg = Debug|Any CPU
		{749314A2-B959-4C9D-B286-C24D77A64DBB}.Ad-Hoc|Any CPU.Build.0 = Debug|Any CPU
		{749314A2-B959-4C9D-B286-C24D77A64DBB}.Ad-Hoc|ARM.ActiveCfg = Debug|Any CPU
		{749314A2-B959-4C9D-B286-C24D77A64DBB}.Ad-Hoc|ARM.Build.0 = Debug|Any CPU
		{749314A2-B959-4C9D-B286-C24D77A64DBB}.Ad-Hoc|iPhone.ActiveCfg = Debug|Any CPU
		{749314A2-B959-4C9D-B286-C24D77A64DBB}.Ad-Hoc|iPhone.Build.0 = Debug|Any CPU
		{749314A2-B959-4C9D-B286-C24D77A64DBB}.Ad-Hoc|iPhoneSimulator.ActiveCfg = Debug|Any CPU
		{749314A2-B959-4C9D-B286-C24D77A64DBB}.Ad-Hoc|iPhoneSimulator.Build.0 = Debug|Any CPU
		{749314A2-B959-4C9D-B286-C24D77A64DBB}.Ad-Hoc|x64.ActiveCfg = Debug|Any CPU
		{749314A2-B959-4C9D-B286-C24D77A64DBB}.Ad-Hoc|x64.Build.0 = Debug|Any CPU
		{749314A2-B959-4C9D-B286-C24D77A64DBB}.Ad-Hoc|x86.ActiveCfg = Debug|Any CPU
		{749314A2-B959-4C9D-B286-C24D77A64DBB}.Ad-Hoc|x86.Build.0 = Debug|Any CPU
		{749314A2-B959-4C9D-B286-C24D77A64DBB}.AppStore|Any CPU.ActiveCfg = Debug|Any CPU
		{749314A2-B959-4C9D-B286-C24D77A64DBB}.AppStore|Any CPU.Build.0 = Debug|Any CPU
		{749314A2-B959-4C9D-B286-C24D77A64DBB}.AppStore|ARM.ActiveCfg = Debug|Any CPU
		{749314A2-B959-4C9D-B286-C24D77A64DBB}.AppStore|ARM.Build.0 = Debug|Any CPU
		{749314A2-B959-4C9D-B286-C24D77A64DBB}.AppStore|iPhone.ActiveCfg = Debug|Any CPU
		{749314A2-B959-4C9D-B286-C24D77A64DBB}.AppStore|iPhone.Build.0 = Debug|Any CPU
		{749314A2-B959-4C9D-B286-C24D77A64DBB}.AppStore|iPhoneSimulator.ActiveCfg = Debug|Any CPU
		{749314A2-B959-4C9D-B286-C24D77A64DBB}.AppStore|iPhoneSimulator.Build.0 = Debug|Any CPU
		{749314A2-B959-4C9D-B286-C24D77A64DBB}.AppStore|x64.ActiveCfg = Debug|Any CPU
		{749314A2-B959-4C9D-B286-C24D77A64DBB}.AppStore|x64.Build.0 = Debug|Any CPU
		{749314A2-B959-4C9D-B286-C24D77A64DBB}.AppStore|x86.ActiveCfg = Debug|Any CPU
		{749314A2-B959-4C9D-B286-C24D77A64DBB}.AppStore|x86.Build.0 = Debug|Any CPU
		{749314A2-B959-4C9D-B286-C24D77A64DBB}.Debug|Any CPU.ActiveCfg = Debug|Any CPU
		{749314A2-B959-4C9D-B286-C24D77A64DBB}.Debug|Any CPU.Build.0 = Debug|Any CPU
		{749314A2-B959-4C9D-B286-C24D77A64DBB}.Debug|ARM.ActiveCfg = Debug|Any CPU
		{749314A2-B959-4C9D-B286-C24D77A64DBB}.Debug|ARM.Build.0 = Debug|Any CPU
		{749314A2-B959-4C9D-B286-C24D77A64DBB}.Debug|iPhone.ActiveCfg = Debug|Any CPU
		{749314A2-B959-4C9D-B286-C24D77A64DBB}.Debug|iPhone.Build.0 = Debug|Any CPU
		{749314A2-B959-4C9D-B286-C24D77A64DBB}.Debug|iPhoneSimulator.ActiveCfg = Debug|Any CPU
		{749314A2-B959-4C9D-B286-C24D77A64DBB}.Debug|iPhoneSimulator.Build.0 = Debug|Any CPU
		{749314A2-B959-4C9D-B286-C24D77A64DBB}.Debug|x64.ActiveCfg = Debug|Any CPU
		{749314A2-B959-4C9D-B286-C24D77A64DBB}.Debug|x64.Build.0 = Debug|Any CPU
		{749314A2-B959-4C9D-B286-C24D77A64DBB}.Debug|x86.ActiveCfg = Debug|Any CPU
		{749314A2-B959-4C9D-B286-C24D77A64DBB}.Debug|x86.Build.0 = Debug|Any CPU
		{749314A2-B959-4C9D-B286-C24D77A64DBB}.Release|Any CPU.ActiveCfg = Release|Any CPU
		{749314A2-B959-4C9D-B286-C24D77A64DBB}.Release|Any CPU.Build.0 = Release|Any CPU
		{749314A2-B959-4C9D-B286-C24D77A64DBB}.Release|ARM.ActiveCfg = Release|Any CPU
		{749314A2-B959-4C9D-B286-C24D77A64DBB}.Release|ARM.Build.0 = Release|Any CPU
		{749314A2-B959-4C9D-B286-C24D77A64DBB}.Release|iPhone.ActiveCfg = Release|Any CPU
		{749314A2-B959-4C9D-B286-C24D77A64DBB}.Release|iPhone.Build.0 = Release|Any CPU
		{749314A2-B959-4C9D-B286-C24D77A64DBB}.Release|iPhoneSimulator.ActiveCfg = Release|Any CPU
		{749314A2-B959-4C9D-B286-C24D77A64DBB}.Release|iPhoneSimulator.Build.0 = Release|Any CPU
		{749314A2-B959-4C9D-B286-C24D77A64DBB}.Release|x64.ActiveCfg = Release|Any CPU
		{749314A2-B959-4C9D-B286-C24D77A64DBB}.Release|x64.Build.0 = Release|Any CPU
		{749314A2-B959-4C9D-B286-C24D77A64DBB}.Release|x86.ActiveCfg = Release|Any CPU
		{749314A2-B959-4C9D-B286-C24D77A64DBB}.Release|x86.Build.0 = Release|Any CPU
		{1BE53D40-4FE4-4180-9A5F-9EA4E5501735}.Ad-Hoc|Any CPU.ActiveCfg = Debug|Any CPU
		{1BE53D40-4FE4-4180-9A5F-9EA4E5501735}.Ad-Hoc|Any CPU.Build.0 = Debug|Any CPU
		{1BE53D40-4FE4-4180-9A5F-9EA4E5501735}.Ad-Hoc|ARM.ActiveCfg = Debug|Any CPU
		{1BE53D40-4FE4-4180-9A5F-9EA4E5501735}.Ad-Hoc|ARM.Build.0 = Debug|Any CPU
		{1BE53D40-4FE4-4180-9A5F-9EA4E5501735}.Ad-Hoc|iPhone.ActiveCfg = Debug|Any CPU
		{1BE53D40-4FE4-4180-9A5F-9EA4E5501735}.Ad-Hoc|iPhone.Build.0 = Debug|Any CPU
		{1BE53D40-4FE4-4180-9A5F-9EA4E5501735}.Ad-Hoc|iPhoneSimulator.ActiveCfg = Debug|Any CPU
		{1BE53D40-4FE4-4180-9A5F-9EA4E5501735}.Ad-Hoc|iPhoneSimulator.Build.0 = Debug|Any CPU
		{1BE53D40-4FE4-4180-9A5F-9EA4E5501735}.Ad-Hoc|x64.ActiveCfg = Debug|Any CPU
		{1BE53D40-4FE4-4180-9A5F-9EA4E5501735}.Ad-Hoc|x64.Build.0 = Debug|Any CPU
		{1BE53D40-4FE4-4180-9A5F-9EA4E5501735}.Ad-Hoc|x86.ActiveCfg = Debug|Any CPU
		{1BE53D40-4FE4-4180-9A5F-9EA4E5501735}.Ad-Hoc|x86.Build.0 = Debug|Any CPU
		{1BE53D40-4FE4-4180-9A5F-9EA4E5501735}.AppStore|Any CPU.ActiveCfg = Debug|Any CPU
		{1BE53D40-4FE4-4180-9A5F-9EA4E5501735}.AppStore|Any CPU.Build.0 = Debug|Any CPU
		{1BE53D40-4FE4-4180-9A5F-9EA4E5501735}.AppStore|ARM.ActiveCfg = Debug|Any CPU
		{1BE53D40-4FE4-4180-9A5F-9EA4E5501735}.AppStore|ARM.Build.0 = Debug|Any CPU
		{1BE53D40-4FE4-4180-9A5F-9EA4E5501735}.AppStore|iPhone.ActiveCfg = Debug|Any CPU
		{1BE53D40-4FE4-4180-9A5F-9EA4E5501735}.AppStore|iPhone.Build.0 = Debug|Any CPU
		{1BE53D40-4FE4-4180-9A5F-9EA4E5501735}.AppStore|iPhoneSimulator.ActiveCfg = Debug|Any CPU
		{1BE53D40-4FE4-4180-9A5F-9EA4E5501735}.AppStore|iPhoneSimulator.Build.0 = Debug|Any CPU
		{1BE53D40-4FE4-4180-9A5F-9EA4E5501735}.AppStore|x64.ActiveCfg = Debug|Any CPU
		{1BE53D40-4FE4-4180-9A5F-9EA4E5501735}.AppStore|x64.Build.0 = Debug|Any CPU
		{1BE53D40-4FE4-4180-9A5F-9EA4E5501735}.AppStore|x86.ActiveCfg = Debug|Any CPU
		{1BE53D40-4FE4-4180-9A5F-9EA4E5501735}.AppStore|x86.Build.0 = Debug|Any CPU
		{1BE53D40-4FE4-4180-9A5F-9EA4E5501735}.Debug|Any CPU.ActiveCfg = Debug|Any CPU
		{1BE53D40-4FE4-4180-9A5F-9EA4E5501735}.Debug|Any CPU.Build.0 = Debug|Any CPU
		{1BE53D40-4FE4-4180-9A5F-9EA4E5501735}.Debug|ARM.ActiveCfg = Debug|Any CPU
		{1BE53D40-4FE4-4180-9A5F-9EA4E5501735}.Debug|ARM.Build.0 = Debug|Any CPU
		{1BE53D40-4FE4-4180-9A5F-9EA4E5501735}.Debug|iPhone.ActiveCfg = Debug|Any CPU
		{1BE53D40-4FE4-4180-9A5F-9EA4E5501735}.Debug|iPhone.Build.0 = Debug|Any CPU
		{1BE53D40-4FE4-4180-9A5F-9EA4E5501735}.Debug|iPhoneSimulator.ActiveCfg = Debug|Any CPU
		{1BE53D40-4FE4-4180-9A5F-9EA4E5501735}.Debug|iPhoneSimulator.Build.0 = Debug|Any CPU
		{1BE53D40-4FE4-4180-9A5F-9EA4E5501735}.Debug|x64.ActiveCfg = Debug|Any CPU
		{1BE53D40-4FE4-4180-9A5F-9EA4E5501735}.Debug|x64.Build.0 = Debug|Any CPU
		{1BE53D40-4FE4-4180-9A5F-9EA4E5501735}.Debug|x86.ActiveCfg = Debug|Any CPU
		{1BE53D40-4FE4-4180-9A5F-9EA4E5501735}.Debug|x86.Build.0 = Debug|Any CPU
		{1BE53D40-4FE4-4180-9A5F-9EA4E5501735}.Release|Any CPU.ActiveCfg = Release|Any CPU
		{1BE53D40-4FE4-4180-9A5F-9EA4E5501735}.Release|Any CPU.Build.0 = Release|Any CPU
		{1BE53D40-4FE4-4180-9A5F-9EA4E5501735}.Release|ARM.ActiveCfg = Release|Any CPU
		{1BE53D40-4FE4-4180-9A5F-9EA4E5501735}.Release|ARM.Build.0 = Release|Any CPU
		{1BE53D40-4FE4-4180-9A5F-9EA4E5501735}.Release|iPhone.ActiveCfg = Release|Any CPU
		{1BE53D40-4FE4-4180-9A5F-9EA4E5501735}.Release|iPhone.Build.0 = Release|Any CPU
		{1BE53D40-4FE4-4180-9A5F-9EA4E5501735}.Release|iPhoneSimulator.ActiveCfg = Release|Any CPU
		{1BE53D40-4FE4-4180-9A5F-9EA4E5501735}.Release|iPhoneSimulator.Build.0 = Release|Any CPU
		{1BE53D40-4FE4-4180-9A5F-9EA4E5501735}.Release|x64.ActiveCfg = Release|Any CPU
		{1BE53D40-4FE4-4180-9A5F-9EA4E5501735}.Release|x64.Build.0 = Release|Any CPU
		{1BE53D40-4FE4-4180-9A5F-9EA4E5501735}.Release|x86.ActiveCfg = Release|Any CPU
		{1BE53D40-4FE4-4180-9A5F-9EA4E5501735}.Release|x86.Build.0 = Release|Any CPU
	EndGlobalSection
	GlobalSection(SolutionProperties) = preSolution
		HideSolutionNode = FALSE
	EndGlobalSection
	GlobalSection(ExtensibilityGlobals) = postSolution
		SolutionGuid = {8A9B60E6-0551-4B90-AA13-404FF428AAD9}
	EndGlobalSection
EndGlobal
